{
  "nodes": {
    "key": {
      "flake": false,
      "locked": {
        "lastModified": 1672331112,
        "narHash": "sha256-QnX01cPYDaCy5EPxG0PqJOec68OdLzzNRW2X1QtWJ7w=",
        "path": "/home/sam/.ssh/id_rsa.pub",
        "type": "path"
      },
      "original": {
        "path": "/home/sam/.ssh/id_rsa.pub",
        "type": "path"
      }
    },
    "nixos-hardware": {
      "locked": {
        "lastModified": 1692952286,
        "narHash": "sha256-TsrtPv3+Q1KR0avZxpiJH+b6fX/R/hEQVHbjl1ebotY=",
        "owner": "NixOS",
        "repo": "nixos-hardware",
        "rev": "817e297fc3352fadc15f2c5306909aa9192d7d97",
        "type": "github"
      },
      "original": {
        "owner": "NixOS",
        "repo": "nixos-hardware",
        "type": "github"
      }
    },
    "nixpkgs": {
      "locked": {
        "lastModified": 1692447944,
        "narHash": "sha256-fkJGNjEmTPvqBs215EQU4r9ivecV5Qge5cF/QDLVn3U=",
        "owner": "NixOS",
        "repo": "nixpkgs",
        "rev": "d680ded26da5cf104dd2735a51e88d2d8f487b4d",
        "type": "github"
      },
      "original": {
        "owner": "NixOS",
        "ref": "nixos-unstable",
        "repo": "nixpkgs",
        "type": "github"
      }
    },
    "root": {
      "inputs": {
        "key": "key",
        "nixos-hardware": "nixos-hardware",
        "nixpkgs": "nixpkgs",
        "token": "token"
      }
    },
    "token": {
      "flake": false,
      "locked": {
        "lastModified": 1692531455,
        "narHash": "sha256-mKKY6afeHvwG62RnMxca/PsWey9Z1We0+XescD6NFAI=",
        "path": "/home/sam/.kubeconfig/token.txt",
        "type": "path"
      },
      "original": {
        "path": "/home/sam/.kubeconfig/token.txt",
        "type": "path"
      }
    }
  },
  "root": "root",
  "version": 7
}
